
Microsoft Visual Studio Solution File, Format Version 12.00
# Visual Studio Version 16
VisualStudioVersion = 16.0.29609.76
MinimumVisualStudioVersion = 10.0.40219.1
Project("{FAE04EC0-301F-11D3-BF4B-00C04F79EFBC}") = "sample", "sample\sample.csproj", "{3345AEB6-3221-4FAF-A216-9B6372D9CE56}"
EndProject
Global
	GlobalSection(SolutionConfigurationPlatforms) = preSolution
		Debug|Any CPU = Debug|Any CPU
		Release|Any CPU = Release|Any CPU
	EndGlobalSection
	GlobalSection(ProjectConfigurationPlatforms) = postSolution
		{3345AEB6-3221-4FAF-A216-9B6372D9CE56}.Debug|Any CPU.ActiveCfg = Debug|Any CPU
		{3345AEB6-3221-4FAF-A216-9B6372D9CE56}.Debug|Any CPU.Build.0 = Debug|Any CPU
		{3345AEB6-3221-4FAF-A216-9B6372D9CE56}.Release|Any CPU.ActiveCfg = Release|Any CPU
		{3345AEB6-3221-4FAF-A216-9B6372D9CE56}.Release|Any CPU.Build.0 = Release|Any CPU
	EndGlobalSection
	GlobalSection(SolutionProperties) = preSolution
		HideSolutionNode = FALSE
	EndGlobalSection
	GlobalSection(ExtensibilityGlobals) = postSolution
		SolutionGuid = {D9A1825D-DEAF-4D0D-AF70-3993DC86487F}
	EndGlobalSection
EndGlobal
